
Microsoft Visual Studio Solution File, Format Version 12.00
# Visual Studio Version 17
VisualStudioVersion = 17.2.32616.157
MinimumVisualStudioVersion = 10.0.40219.1
Project("{FAE04EC0-301F-11D3-BF4B-00C04F79EFBC}") = "WebApplication1", "WebApplication1\WebApplication1.csproj", "{C37265A5-2F3B-416D-983A-FD5C2EB74CBC}"
EndProject
Global
	GlobalSection(SolutionConfigurationPlatforms) = preSolution
		Debug|Any CPU = Debug|Any CPU
		Release|Any CPU = Release|Any CPU
	EndGlobalSection
	GlobalSection(ProjectConfigurationPlatforms) = postSolution
		{C37265A5-2F3B-416D-983A-FD5C2EB74CBC}.Debug|Any CPU.ActiveCfg = Debug|Any CPU
		{C37265A5-2F3B-416D-983A-FD5C2EB74CBC}.Debug|Any CPU.Build.0 = Debug|Any CPU
		{C37265A5-2F3B-416D-983A-FD5C2EB74CBC}.Release|Any CPU.ActiveCfg = Release|Any CPU
		{C37265A5-2F3B-416D-983A-FD5C2EB74CBC}.Release|Any CPU.Build.0 = Release|Any CPU
	EndGlobalSection
	GlobalSection(SolutionProperties) = preSolution
		HideSolutionNode = FALSE
	EndGlobalSection
	GlobalSection(ExtensibilityGlobals) = postSolution
		SolutionGuid = {75046196-629E-4C4C-8334-8B7E1F3CD99C}
	EndGlobalSection
EndGlobal
